
Microsoft Visual Studio Solution File, Format Version 12.00
# Visual Studio 14
VisualStudioVersion = 14.0.25123.0
MinimumVisualStudioVersion = 10.0.40219.1
Project("{FAE04EC0-301F-11D3-BF4B-00C04F79EFBC}") = "CobaLibrary", "CobaLibrary\CobaLibrary.csproj", "{2A11B734-B235-407B-B72F-7E41CE78F568}"
EndProject
Global
	GlobalSection(SolutionConfigurationPlatforms) = preSolution
		Debug|Any CPU = Debug|Any CPU
		Release|Any CPU = Release|Any CPU
	EndGlobalSection
	GlobalSection(ProjectConfigurationPlatforms) = postSolution
		{2A11B734-B235-407B-B72F-7E41CE78F568}.Debug|Any CPU.ActiveCfg = Debug|Any CPU
		{2A11B734-B235-407B-B72F-7E41CE78F568}.Debug|Any CPU.Build.0 = Debug|Any CPU
		{2A11B734-B235-407B-B72F-7E41CE78F568}.Release|Any CPU.ActiveCfg = Release|Any CPU
		{2A11B734-B235-407B-B72F-7E41CE78F568}.Release|Any CPU.Build.0 = Release|Any CPU
	EndGlobalSection
	GlobalSection(SolutionProperties) = preSolution
		HideSolutionNode = FALSE
	EndGlobalSection
EndGlobal
